
Microsoft Visual Studio Solution File, Format Version 12.00
# Visual Studio Version 17
VisualStudioVersion = 17.9.34728.123
MinimumVisualStudioVersion = 10.0.40219.1
Project("{FAE04EC0-301F-11D3-BF4B-00C04F79EFBC}") = "BlogsApi", "BlogsApi\BlogsApi.csproj", "{32C9EBC7-28DF-42AE-89D3-BA4ACF300516}"
EndProject
Global
	GlobalSection(SolutionConfigurationPlatforms) = preSolution
		Debug|Any CPU = Debug|Any CPU
		Release|Any CPU = Release|Any CPU
	EndGlobalSection
	GlobalSection(ProjectConfigurationPlatforms) = postSolution
		{32C9EBC7-28DF-42AE-89D3-BA4ACF300516}.Debug|Any CPU.ActiveCfg = Debug|Any CPU
		{32C9EBC7-28DF-42AE-89D3-BA4ACF300516}.Debug|Any CPU.Build.0 = Debug|Any CPU
		{32C9EBC7-28DF-42AE-89D3-BA4ACF300516}.Release|Any CPU.ActiveCfg = Release|Any CPU
		{32C9EBC7-28DF-42AE-89D3-BA4ACF300516}.Release|Any CPU.Build.0 = Release|Any CPU
	EndGlobalSection
	GlobalSection(SolutionProperties) = preSolution
		HideSolutionNode = FALSE
	EndGlobalSection
	GlobalSection(ExtensibilityGlobals) = postSolution
		SolutionGuid = {03375C8A-A142-422E-B86D-43F723084DB8}
	EndGlobalSection
EndGlobal
